Microsoft Visual Studio Solution File, Format Version 12.00
# Visual Studio 15
VisualStudioVersion = 15.0.26430.14
MinimumVisualStudioVersion = 10.0.40219.1
Project("{FAE04EC0-301F-11D3-BF4B-00C04F79EFBC}") = "APIMATICCalculator.Standard", "APIMATICCalculator.Standard/APIMATICCalculator.Standard.csproj", "{bcbbfa4d-d656-4e27-989d-4ebe6c1751da}"
EndProject
Project("{FAE04EC0-301F-11D3-BF4B-00C04F79EFBC}") = "APIMATICCalculator.Tests", "APIMATICCalculator.Tests/APIMATICCalculator.Tests.csproj", "{f0e1ad7a-67e3-4d3a-b384-3e269aaf98e6}"
EndProject
Global
    GlobalSection(SolutionConfigurationPlatforms) = preSolution
        Debug|Any CPU = Debug|Any CPU
        Release|Any CPU = Release|Any CPU
    EndGlobalSection
    GlobalSection(ProjectConfigurationPlatforms) = postSolution
        {bcbbfa4d-d656-4e27-989d-4ebe6c1751da}.Debug|Any CPU.ActiveCfg = Debug|Any CPU
        {bcbbfa4d-d656-4e27-989d-4ebe6c1751da}.Debug|Any CPU.Build.0 = Debug|Any CPU
        {bcbbfa4d-d656-4e27-989d-4ebe6c1751da}.Release|Any CPU.ActiveCfg = Release|Any CPU
        {bcbbfa4d-d656-4e27-989d-4ebe6c1751da}.Release|Any CPU.Build.0 = Release|Any CPU
        {f0e1ad7a-67e3-4d3a-b384-3e269aaf98e6}.Debug|Any CPU.ActiveCfg = Debug|Any CPU
        {f0e1ad7a-67e3-4d3a-b384-3e269aaf98e6}.Debug|Any CPU.Build.0 = Debug|Any CPU
        {f0e1ad7a-67e3-4d3a-b384-3e269aaf98e6}.Release|Any CPU.ActiveCfg = Release|Any CPU
        {f0e1ad7a-67e3-4d3a-b384-3e269aaf98e6}.Release|Any CPU.Build.0 = Release|Any CPU
    EndGlobalSection
    GlobalSection(SolutionProperties) = preSolution
        HideSolutionNode = FALSE
    EndGlobalSection
EndGlobal
